
Microsoft Visual Studio Solution File, Format Version 12.00
Project("{2150E333-8FDC-42A3-9474-1A3956D46DE8}") = "Core", "Core", "{1E7F8BB4-D25A-4C93-AC06-13BCA61964FD}"
EndProject
Project("{2150E333-8FDC-42A3-9474-1A3956D46DE8}") = "Infrastructure", "Infrastructure", "{0972A75B-F99E-4A74-A77A-24F9AE4F190F}"
EndProject
Project("{2150E333-8FDC-42A3-9474-1A3956D46DE8}") = "Presentation", "Presentation", "{4FA77266-3B4F-4AC7-BD2F-F3F45205772D}"
EndProject
Project("{FAE04EC0-301F-11D3-BF4B-00C04F79EFBC}") = "CalculadoraDeCotacoes.Domain", "src\CalculadoraDeCotacoes.Domain\CalculadoraDeCotacoes.Domain.csproj", "{45A1EB22-A7A3-461D-9880-990C818E530F}"
EndProject
Project("{FAE04EC0-301F-11D3-BF4B-00C04F79EFBC}") = "CalculadoraDeCotacoes.Persistence", "src\CalculadoraDeCotacoes.Persistence\CalculadoraDeCotacoes.Persistence.csproj", "{6CCC035D-B674-4770-A270-E8B8AC2FA496}"
EndProject
Project("{FAE04EC0-301F-11D3-BF4B-00C04F79EFBC}") = "CalculadoraDeCotacoes.Application", "src\CalculadoraDeCotacoes.Application\CalculadoraDeCotacoes.Application.csproj", "{4BCF548F-3FC7-4177-9AB9-9C4A1B5491FB}"
EndProject
Project("{FAE04EC0-301F-11D3-BF4B-00C04F79EFBC}") = "CalculadoraDeCotacoes.Api", "src\CalculadoraDeCotacoes.Api\CalculadoraDeCotacoes.Api.csproj", "{D6A01309-0934-4F5A-9F77-713286EB51B9}"
EndProject
Project("{2150E333-8FDC-42A3-9474-1A3956D46DE8}") = "Solution Items", "Solution Items", "{E7298701-16C0-4206-A9C4-CB48A8C4D223}"
EndProject
Project("{2150E333-8FDC-42A3-9474-1A3956D46DE8}") = "Common", "Common", "{8AA9A24F-FCBB-4B6E-99A0-8BE8DB066758}"
EndProject
Project("{FAE04EC0-301F-11D3-BF4B-00C04F79EFBC}") = "CalculadoraDeCotacoes.Common", "src\CalculadoraDeCotacoes.Common\CalculadoraDeCotacoes.Common.csproj", "{3D625644-42A7-4A00-A935-713B1E31EB77}"
EndProject
Project("{FAE04EC0-301F-11D3-BF4B-00C04F79EFBC}") = "docker-compose", "docker-compose.dcproj", "{4AF79501-F785-4B98-8EE5-54BE186D67A2}"
EndProject
Project("{2150E333-8FDC-42A3-9474-1A3956D46DE8}") = "Tests", "Tests", "{3A09572D-8768-4A9D-9521-30CE407836D1}"
EndProject
Project("{2150E333-8FDC-42A3-9474-1A3956D46DE8}") = "Unit", "Unit", "{198DA85C-6316-4654-BCF2-8AFC34D26D15}"
EndProject
Project("{2150E333-8FDC-42A3-9474-1A3956D46DE8}") = "Integration", "Integration", "{95151095-DE17-44F8-828C-D6538479C731}"
EndProject
Project("{2150E333-8FDC-42A3-9474-1A3956D46DE8}") = "Functional", "Functional", "{3F6D42AA-98F5-46CD-90D4-3B4BB13F5FF3}"
EndProject
Project("{FAE04EC0-301F-11D3-BF4B-00C04F79EFBC}") = "CalculadoraDeCotacoes.Tests.Unit", "tests\CalculadoraDeCotacoes.Tests.Unit\CalculadoraDeCotacoes.Tests.Unit.csproj", "{5F80FD74-2A07-4660-A228-F871F324A5D7}"
EndProject
Project("{FAE04EC0-301F-11D3-BF4B-00C04F79EFBC}") = "CalculadoraCotacoes.Tests.Functional", "tests\CalculadoraCotacoes.Tests.Functional\CalculadoraCotacoes.Tests.Functional.csproj", "{C280C3EB-EF96-43B9-963E-EC0F2AD9BD46}"
EndProject
Global
	GlobalSection(SolutionConfigurationPlatforms) = preSolution
		Debug|Any CPU = Debug|Any CPU
		Release|Any CPU = Release|Any CPU
	EndGlobalSection
	GlobalSection(NestedProjects) = preSolution
		{45A1EB22-A7A3-461D-9880-990C818E530F} = {1E7F8BB4-D25A-4C93-AC06-13BCA61964FD}
		{6CCC035D-B674-4770-A270-E8B8AC2FA496} = {0972A75B-F99E-4A74-A77A-24F9AE4F190F}
		{4BCF548F-3FC7-4177-9AB9-9C4A1B5491FB} = {1E7F8BB4-D25A-4C93-AC06-13BCA61964FD}
		{D6A01309-0934-4F5A-9F77-713286EB51B9} = {4FA77266-3B4F-4AC7-BD2F-F3F45205772D}
		{3D625644-42A7-4A00-A935-713B1E31EB77} = {8AA9A24F-FCBB-4B6E-99A0-8BE8DB066758}
		{198DA85C-6316-4654-BCF2-8AFC34D26D15} = {3A09572D-8768-4A9D-9521-30CE407836D1}
		{95151095-DE17-44F8-828C-D6538479C731} = {3A09572D-8768-4A9D-9521-30CE407836D1}
		{3F6D42AA-98F5-46CD-90D4-3B4BB13F5FF3} = {3A09572D-8768-4A9D-9521-30CE407836D1}
		{5F80FD74-2A07-4660-A228-F871F324A5D7} = {198DA85C-6316-4654-BCF2-8AFC34D26D15}
		{C280C3EB-EF96-43B9-963E-EC0F2AD9BD46} = {3F6D42AA-98F5-46CD-90D4-3B4BB13F5FF3}
	EndGlobalSection
	GlobalSection(ProjectConfigurationPlatforms) = postSolution
		{45A1EB22-A7A3-461D-9880-990C818E530F}.Debug|Any CPU.ActiveCfg = Debug|Any CPU
		{45A1EB22-A7A3-461D-9880-990C818E530F}.Debug|Any CPU.Build.0 = Debug|Any CPU
		{45A1EB22-A7A3-461D-9880-990C818E530F}.Release|Any CPU.ActiveCfg = Release|Any CPU
		{45A1EB22-A7A3-461D-9880-990C818E530F}.Release|Any CPU.Build.0 = Release|Any CPU
		{6CCC035D-B674-4770-A270-E8B8AC2FA496}.Debug|Any CPU.ActiveCfg = Debug|Any CPU
		{6CCC035D-B674-4770-A270-E8B8AC2FA496}.Debug|Any CPU.Build.0 = Debug|Any CPU
		{6CCC035D-B674-4770-A270-E8B8AC2FA496}.Release|Any CPU.ActiveCfg = Release|Any CPU
		{6CCC035D-B674-4770-A270-E8B8AC2FA496}.Release|Any CPU.Build.0 = Release|Any CPU
		{4BCF548F-3FC7-4177-9AB9-9C4A1B5491FB}.Debug|Any CPU.ActiveCfg = Debug|Any CPU
		{4BCF548F-3FC7-4177-9AB9-9C4A1B5491FB}.Debug|Any CPU.Build.0 = Debug|Any CPU
		{4BCF548F-3FC7-4177-9AB9-9C4A1B5491FB}.Release|Any CPU.ActiveCfg = Release|Any CPU
		{4BCF548F-3FC7-4177-9AB9-9C4A1B5491FB}.Release|Any CPU.Build.0 = Release|Any CPU
		{D6A01309-0934-4F5A-9F77-713286EB51B9}.Debug|Any CPU.ActiveCfg = Debug|Any CPU
		{D6A01309-0934-4F5A-9F77-713286EB51B9}.Debug|Any CPU.Build.0 = Debug|Any CPU
		{D6A01309-0934-4F5A-9F77-713286EB51B9}.Release|Any CPU.ActiveCfg = Release|Any CPU
		{D6A01309-0934-4F5A-9F77-713286EB51B9}.Release|Any CPU.Build.0 = Release|Any CPU
		{3D625644-42A7-4A00-A935-713B1E31EB77}.Debug|Any CPU.ActiveCfg = Debug|Any CPU
		{3D625644-42A7-4A00-A935-713B1E31EB77}.Debug|Any CPU.Build.0 = Debug|Any CPU
		{3D625644-42A7-4A00-A935-713B1E31EB77}.Release|Any CPU.ActiveCfg = Release|Any CPU
		{3D625644-42A7-4A00-A935-713B1E31EB77}.Release|Any CPU.Build.0 = Release|Any CPU
		{4AF79501-F785-4B98-8EE5-54BE186D67A2}.Debug|Any CPU.ActiveCfg = Debug|Any CPU
		{4AF79501-F785-4B98-8EE5-54BE186D67A2}.Debug|Any CPU.Build.0 = Debug|Any CPU
		{4AF79501-F785-4B98-8EE5-54BE186D67A2}.Release|Any CPU.ActiveCfg = Debug|Any CPU
		{4AF79501-F785-4B98-8EE5-54BE186D67A2}.Release|Any CPU.Build.0 = Debug|Any CPU
		{5F80FD74-2A07-4660-A228-F871F324A5D7}.Debug|Any CPU.ActiveCfg = Debug|Any CPU
		{5F80FD74-2A07-4660-A228-F871F324A5D7}.Debug|Any CPU.Build.0 = Debug|Any CPU
		{5F80FD74-2A07-4660-A228-F871F324A5D7}.Release|Any CPU.ActiveCfg = Release|Any CPU
		{5F80FD74-2A07-4660-A228-F871F324A5D7}.Release|Any CPU.Build.0 = Release|Any CPU
		{C280C3EB-EF96-43B9-963E-EC0F2AD9BD46}.Debug|Any CPU.ActiveCfg = Debug|Any CPU
		{C280C3EB-EF96-43B9-963E-EC0F2AD9BD46}.Debug|Any CPU.Build.0 = Debug|Any CPU
		{C280C3EB-EF96-43B9-963E-EC0F2AD9BD46}.Release|Any CPU.ActiveCfg = Release|Any CPU
		{C280C3EB-EF96-43B9-963E-EC0F2AD9BD46}.Release|Any CPU.Build.0 = Release|Any CPU
	EndGlobalSection
EndGlobal
